
Microsoft Visual Studio Solution File, Format Version 12.00
# Visual Studio Version 17
VisualStudioVersion = 17.0.32014.148
MinimumVisualStudioVersion = 10.0.40219.1
Project("{2150E333-8FDC-42A3-9474-1A3956D46DE8}") = "FrontEnd", "FrontEnd", "{5F440CD1-6B0B-4EAB-9A4B-89BD0CCF3F61}"
EndProject
Project("{FAE04EC0-301F-11D3-BF4B-00C04F79EFBC}") = "Mango.Web", "Mango.Web\Mango.Web.csproj", "{7687FFA5-D5BD-4E92-8E1B-C3C67EBA6A76}"
EndProject
Project("{2150E333-8FDC-42A3-9474-1A3956D46DE8}") = "Services", "Services", "{D273C09F-97D5-41D8-996F-304FEA79481B}"
EndProject
Project("{FAE04EC0-301F-11D3-BF4B-00C04F79EFBC}") = "Mango.Services.ProductAPI", "Mango.Services.ProductAPI\Mango.Services.ProductAPI.csproj", "{ED126347-5FF3-4085-87BF-6CA12169B093}"
EndProject
Global
	GlobalSection(SolutionConfigurationPlatforms) = preSolution
		Debug|Any CPU = Debug|Any CPU
		Release|Any CPU = Release|Any CPU
	EndGlobalSection
	GlobalSection(ProjectConfigurationPlatforms) = postSolution
		{7687FFA5-D5BD-4E92-8E1B-C3C67EBA6A76}.Debug|Any CPU.ActiveCfg = Debug|Any CPU
		{7687FFA5-D5BD-4E92-8E1B-C3C67EBA6A76}.Debug|Any CPU.Build.0 = Debug|Any CPU
		{7687FFA5-D5BD-4E92-8E1B-C3C67EBA6A76}.Release|Any CPU.ActiveCfg = Release|Any CPU
		{7687FFA5-D5BD-4E92-8E1B-C3C67EBA6A76}.Release|Any CPU.Build.0 = Release|Any CPU
		{ED126347-5FF3-4085-87BF-6CA12169B093}.Debug|Any CPU.ActiveCfg = Debug|Any CPU
		{ED126347-5FF3-4085-87BF-6CA12169B093}.Debug|Any CPU.Build.0 = Debug|Any CPU
		{ED126347-5FF3-4085-87BF-6CA12169B093}.Release|Any CPU.ActiveCfg = Release|Any CPU
		{ED126347-5FF3-4085-87BF-6CA12169B093}.Release|Any CPU.Build.0 = Release|Any CPU
	EndGlobalSection
	GlobalSection(SolutionProperties) = preSolution
		HideSolutionNode = FALSE
	EndGlobalSection
	GlobalSection(NestedProjects) = preSolution
		{7687FFA5-D5BD-4E92-8E1B-C3C67EBA6A76} = {5F440CD1-6B0B-4EAB-9A4B-89BD0CCF3F61}
		{ED126347-5FF3-4085-87BF-6CA12169B093} = {D273C09F-97D5-41D8-996F-304FEA79481B}
	EndGlobalSection
	GlobalSection(ExtensibilityGlobals) = postSolution
		SolutionGuid = {96769A04-B95D-456F-BB0E-5701259CC9C6}
	EndGlobalSection
EndGlobal
